
Microsoft Visual Studio Solution File, Format Version 12.00
# Visual Studio Version 16
VisualStudioVersion = 16.0.30804.86
MinimumVisualStudioVersion = 10.0.40219.1
Project("{9A19103F-16F7-4668-BE54-9A1E7A4F7556}") = "Core", "Core\Core.csproj", "{688E3A85-8E37-4678-8A2E-DFFE8DE54805}"
EndProject
Project("{9A19103F-16F7-4668-BE54-9A1E7A4F7556}") = "Entity", "Entity\Entity.csproj", "{7F169300-AF79-4BB4-AA7C-545F3F3AEBAE}"
EndProject
Project("{9A19103F-16F7-4668-BE54-9A1E7A4F7556}") = "DataAccess", "DataAccess\DataAccess.csproj", "{3A22226C-B76A-45E6-9209-B1C70AF9675B}"
EndProject
Project("{9A19103F-16F7-4668-BE54-9A1E7A4F7556}") = "Business", "Business\Business.csproj", "{C581798C-02D0-42F5-9D7C-B9D784FD4BED}"
EndProject
Project("{9A19103F-16F7-4668-BE54-9A1E7A4F7556}") = "CamexAPI", "CamexAPI\CamexAPI.csproj", "{4E0BC443-FFF0-4D83-9200-343935FB836C}"
EndProject
Global
	GlobalSection(SolutionConfigurationPlatforms) = preSolution
		Debug|Any CPU = Debug|Any CPU
		Release|Any CPU = Release|Any CPU
	EndGlobalSection
	GlobalSection(ProjectConfigurationPlatforms) = postSolution
		{688E3A85-8E37-4678-8A2E-DFFE8DE54805}.Debug|Any CPU.ActiveCfg = Debug|Any CPU
		{688E3A85-8E37-4678-8A2E-DFFE8DE54805}.Debug|Any CPU.Build.0 = Debug|Any CPU
		{688E3A85-8E37-4678-8A2E-DFFE8DE54805}.Release|Any CPU.ActiveCfg = Release|Any CPU
		{688E3A85-8E37-4678-8A2E-DFFE8DE54805}.Release|Any CPU.Build.0 = Release|Any CPU
		{7F169300-AF79-4BB4-AA7C-545F3F3AEBAE}.Debug|Any CPU.ActiveCfg = Debug|Any CPU
		{7F169300-AF79-4BB4-AA7C-545F3F3AEBAE}.Debug|Any CPU.Build.0 = Debug|Any CPU
		{7F169300-AF79-4BB4-AA7C-545F3F3AEBAE}.Release|Any CPU.ActiveCfg = Release|Any CPU
		{7F169300-AF79-4BB4-AA7C-545F3F3AEBAE}.Release|Any CPU.Build.0 = Release|Any CPU
		{3A22226C-B76A-45E6-9209-B1C70AF9675B}.Debug|Any CPU.ActiveCfg = Debug|Any CPU
		{3A22226C-B76A-45E6-9209-B1C70AF9675B}.Debug|Any CPU.Build.0 = Debug|Any CPU
		{3A22226C-B76A-45E6-9209-B1C70AF9675B}.Release|Any CPU.ActiveCfg = Release|Any CPU
		{3A22226C-B76A-45E6-9209-B1C70AF9675B}.Release|Any CPU.Build.0 = Release|Any CPU
		{C581798C-02D0-42F5-9D7C-B9D784FD4BED}.Debug|Any CPU.ActiveCfg = Debug|Any CPU
		{C581798C-02D0-42F5-9D7C-B9D784FD4BED}.Debug|Any CPU.Build.0 = Debug|Any CPU
		{C581798C-02D0-42F5-9D7C-B9D784FD4BED}.Release|Any CPU.ActiveCfg = Release|Any CPU
		{C581798C-02D0-42F5-9D7C-B9D784FD4BED}.Release|Any CPU.Build.0 = Release|Any CPU
		{4E0BC443-FFF0-4D83-9200-343935FB836C}.Debug|Any CPU.ActiveCfg = Debug|Any CPU
		{4E0BC443-FFF0-4D83-9200-343935FB836C}.Debug|Any CPU.Build.0 = Debug|Any CPU
		{4E0BC443-FFF0-4D83-9200-343935FB836C}.Release|Any CPU.ActiveCfg = Release|Any CPU
		{4E0BC443-FFF0-4D83-9200-343935FB836C}.Release|Any CPU.Build.0 = Release|Any CPU
	EndGlobalSection
	GlobalSection(SolutionProperties) = preSolution
		HideSolutionNode = FALSE
	EndGlobalSection
	GlobalSection(ExtensibilityGlobals) = postSolution
		SolutionGuid = {88F60BCA-7609-495C-AB55-0AE25C749628}
	EndGlobalSection
EndGlobal
